// !$*UTF8*$!
{
	archiveVersion = 1;
	classes = {
	};
	objectVersion = 46;
	objects = {

/* Begin PBXBuildFile section */
		63EEBB921D564CBE00D08805 /* GoogleService-Info.plist in Resources */ = {isa = PBXBuildFile; fileRef = 63EEBB911D564CBE00D08805 /* GoogleService-Info.plist */; };
		DD1E57B21D4D294B0075424C /* AppDelegate.swift in Sources */ = {isa = PBXBuildFile; fileRef = DD1E57B11D4D294B0075424C /* AppDelegate.swift */; };
		DD1E57B41D4D294B0075424C /* MessagesController.swift in Sources */ = {isa = PBXBuildFile; fileRef = DD1E57B31D4D294B0075424C /* MessagesController.swift */; };
		DD1E57B71D4D294B0075424C /* Main.storyboard in Resources */ = {isa = PBXBuildFile; fileRef = DD1E57B51D4D294B0075424C /* Main.storyboard */; };
		DD1E57B91D4D294B0075424C /* Assets.xcassets in Resources */ = {isa = PBXBuildFile; fileRef = DD1E57B81D4D294B0075424C /* Assets.xcassets */; };
		DD1E57BC1D4D294B0075424C /* LaunchScreen.storyboard in Resources */ = {isa = PBXBuildFile; fileRef = DD1E57BA1D4D294B0075424C /* LaunchScreen.storyboard */; };
		DD1E57C51D4D2BF00075424C /* LoginController.swift in Sources */ = {isa = PBXBuildFile; fileRef = DD1E57C41D4D2BF00075424C /* LoginController.swift */; };
		DD1E57C91D4D5B470075424C /* NewMessageController.swift in Sources */ = {isa = PBXBuildFile; fileRef = DD1E57C81D4D5B470075424C /* NewMessageController.swift */; };
		DDC645541D4D5EFA00E30EA4 /* User.swift in Sources */ = {isa = PBXBuildFile; fileRef = DDC645531D4D5EFA00E30EA4 /* User.swift */; };
		DDC645561D4D62C500E30EA4 /* LoginController+handlers.swift in Sources */ = {isa = PBXBuildFile; fileRef = DDC645551D4D62C500E30EA4 /* LoginController+handlers.swift */; };
		DDC645591D4D70EB00E30EA4 /* Extensions.swift in Sources */ = {isa = PBXBuildFile; fileRef = DDC645581D4D70EB00E30EA4 /* Extensions.swift */; };
		DDC6455B1D4D7F5D00E30EA4 /* ChatLogController.swift in Sources */ = {isa = PBXBuildFile; fileRef = DDC6455A1D4D7F5D00E30EA4 /* ChatLogController.swift */; };
		DDC6455D1D4DC68900E30EA4 /* Message.swift in Sources */ = {isa = PBXBuildFile; fileRef = DDC6455C1D4DC68900E30EA4 /* Message.swift */; };
		DDC645601D4DCCAA00E30EA4 /* UserCell.swift in Sources */ = {isa = PBXBuildFile; fileRef = DDC6455F1D4DCCAA00E30EA4 /* UserCell.swift */; };
		DDC645621D4E59DD00E30EA4 /* ChatMessageCell.swift in Sources */ = {isa = PBXBuildFile; fileRef = DDC645611D4E59DD00E30EA4 /* ChatMessageCell.swift */; };
		FC4C0AFE08A183087AE65933 /* Pods_TsenterChat.framework in Frameworks */ = {isa = PBXBuildFile; fileRef = 837A6BD8072B1208E920BEF5 /* Pods_TsenterChat.framework */; };
/* End PBXBuildFile section */

/* Begin PBXFileReference section */
		3D6912DFED13116938EB86CD /* Pods-TsenterChat.debug.xcconfig */ = {isa = PBXFileReference; includeInIndex = 1; lastKnownFileType = text.xcconfig; name = "Pods-TsenterChat.debug.xcconfig"; path = "Pods/Target Support Files/Pods-TsenterChat/Pods-TsenterChat.debug.xcconfig"; sourceTree = "<group>"; };
		6283FFB59390369202889BFB /* Pods-TsenterChat.release.xcconfig */ = {isa = PBXFileReference; includeInIndex = 1; lastKnownFileType = text.xcconfig; name = "Pods-TsenterChat.release.xcconfig"; path = "Pods/Target Support Files/Pods-TsenterChat/Pods-TsenterChat.release.xcconfig"; sourceTree = "<group>"; };
		63EEBB911D564CBE00D08805 /* GoogleService-Info.plist */ = {isa = PBXFileReference; lastKnownFileType = text.plist.xml; path = "GoogleService-Info.plist"; sourceTree = "<group>"; };
		837A6BD8072B1208E920BEF5 /* Pods_TsenterChat.framework */ = {isa = PBXFileReference; explicitFileType = wrapper.framework; includeInIndex = 0; path = Pods_TsenterChat.framework; sourceTree = BUILT_PRODUCTS_DIR; };
		A00A1BD968EE8C7DD4B0EB03 /* Pods_Chat.framework */ = {isa = PBXFileReference; explicitFileType = wrapper.framework; includeInIndex = 0; path = Pods_Chat.framework; sourceTree = BUILT_PRODUCTS_DIR; };
		CC13D2EFDDD61F7D38A59BE3 /* Pods-Chat.debug.xcconfig */ = {isa = PBXFileReference; includeInIndex = 1; lastKnownFileType = text.xcconfig; name = "Pods-Chat.debug.xcconfig"; path = "Pods/Target Support Files/Pods-Chat/Pods-Chat.debug.xcconfig"; sourceTree = "<group>"; };
		DD1E57AE1D4D294B0075424C /* TsenterChat.app */ = {isa = PBXFileReference; explicitFileType = wrapper.application; includeInIndex = 0; path = TsenterChat.app; sourceTree = BUILT_PRODUCTS_DIR; };
		DD1E57B11D4D294B0075424C /* AppDelegate.swift */ = {isa = PBXFileReference; lastKnownFileType = sourcecode.swift; path = AppDelegate.swift; sourceTree = "<group>"; };
		DD1E57B31D4D294B0075424C /* MessagesController.swift */ = {isa = PBXFileReference; lastKnownFileType = sourcecode.swift; path = MessagesController.swift; sourceTree = "<group>"; };
		DD1E57B61D4D294B0075424C /* Base */ = {isa = PBXFileReference; lastKnownFileType = file.storyboard; name = Base; path = Base.lproj/Main.storyboard; sourceTree = "<group>"; };
		DD1E57B81D4D294B0075424C /* Assets.xcassets */ = {isa = PBXFileReference; lastKnownFileType = folder.assetcatalog; path = Assets.xcassets; sourceTree = "<group>"; };
		DD1E57BB1D4D294B0075424C /* Base */ = {isa = PBXFileReference; lastKnownFileType = file.storyboard; name = Base; path = Base.lproj/LaunchScreen.storyboard; sourceTree = "<group>"; };
		DD1E57BD1D4D294B0075424C /* Info.plist */ = {isa = PBXFileReference; lastKnownFileType = text.plist.xml; path = Info.plist; sourceTree = "<group>"; };
		DD1E57C41D4D2BF00075424C /* LoginController.swift */ = {isa = PBXFileReference; fileEncoding = 4; lastKnownFileType = sourcecode.swift; path = LoginController.swift; sourceTree = "<group>"; };
		DD1E57C61D4D42B70075424C /* GoogleService-Info.plist */ = {isa = PBXFileReference; fileEncoding = 4; lastKnownFileType = text.plist.xml; name = "GoogleService-Info.plist"; path = "../../../Downloads/GoogleService-Info.plist"; sourceTree = "<group>"; };
		DD1E57C81D4D5B470075424C /* NewMessageController.swift */ = {isa = PBXFileReference; fileEncoding = 4; lastKnownFileType = sourcecode.swift; path = NewMessageController.swift; sourceTree = "<group>"; };
		DDC645531D4D5EFA00E30EA4 /* User.swift */ = {isa = PBXFileReference; fileEncoding = 4; lastKnownFileType = sourcecode.swift; path = User.swift; sourceTree = "<group>"; };
		DDC645551D4D62C500E30EA4 /* LoginController+handlers.swift */ = {isa = PBXFileReference; fileEncoding = 4; lastKnownFileType = sourcecode.swift; path = "LoginController+handlers.swift"; sourceTree = "<group>"; };
		DDC645581D4D70EB00E30EA4 /* Extensions.swift */ = {isa = PBXFileReference; fileEncoding = 4; lastKnownFileType = sourcecode.swift; path = Extensions.swift; sourceTree = "<group>"; };
		DDC6455A1D4D7F5D00E30EA4 /* ChatLogController.swift */ = {isa = PBXFileReference; fileEncoding = 4; lastKnownFileType = sourcecode.swift; path = ChatLogController.swift; sourceTree = "<group>"; };
		DDC6455C1D4DC68900E30EA4 /* Message.swift */ = {isa = PBXFileReference; fileEncoding = 4; lastKnownFileType = sourcecode.swift; path = Message.swift; sourceTree = "<group>"; };
		DDC6455F1D4DCCAA00E30EA4 /* UserCell.swift */ = {isa = PBXFileReference; fileEncoding = 4; lastKnownFileType = sourcecode.swift; path = UserCell.swift; sourceTree = "<group>"; };
		DDC645611D4E59DD00E30EA4 /* ChatMessageCell.swift */ = {isa = PBXFileReference; fileEncoding = 4; lastKnownFileType = sourcecode.swift; path = ChatMessageCell.swift; sourceTree = "<group>"; };
		E17E67142C13E3E4B41FF5D5 /* Pods-Chat.release.xcconfig */ = {isa = PBXFileReference; includeInIndex = 1; lastKnownFileType = text.xcconfig; name = "Pods-Chat.release.xcconfig"; path = "Pods/Target Support Files/Pods-Chat/Pods-Chat.release.xcconfig"; sourceTree = "<group>"; };
/* End PBXFileReference section */

/* Begin PBXFrameworksBuildPhase section */
		DD1E57AB1D4D294B0075424C /* Frameworks */ = {
			isa = PBXFrameworksBuildPhase;
			buildActionMask = 2147483647;
			files = (
				FC4C0AFE08A183087AE65933 /* Pods_TsenterChat.framework in Frameworks */,
			);
			runOnlyForDeploymentPostprocessing = 0;
		};
/* End PBXFrameworksBuildPhase section */

/* Begin PBXGroup section */
		24AFAF2E547855BCF9283C42 /* Pods */ = {
			isa = PBXGroup;
			children = (
				CC13D2EFDDD61F7D38A59BE3 /* Pods-Chat.debug.xcconfig */,
				E17E67142C13E3E4B41FF5D5 /* Pods-Chat.release.xcconfig */,
				3D6912DFED13116938EB86CD /* Pods-TsenterChat.debug.xcconfig */,
				6283FFB59390369202889BFB /* Pods-TsenterChat.release.xcconfig */,
			);
			name = Pods;
			sourceTree = "<group>";
		};
		ABF8DDFB6C5C6F8EF6C20C39 /* Frameworks */ = {
			isa = PBXGroup;
			children = (
				A00A1BD968EE8C7DD4B0EB03 /* Pods_Chat.framework */,
				837A6BD8072B1208E920BEF5 /* Pods_TsenterChat.framework */,
			);
			name = Frameworks;
			sourceTree = "<group>";
		};
		DD1E57A51D4D294B0075424C = {
			isa = PBXGroup;
			children = (
				63EEBB911D564CBE00D08805 /* GoogleService-Info.plist */,
				DD1E57B01D4D294B0075424C /* TsenterChat */,
				DD1E57AF1D4D294B0075424C /* Products */,
				24AFAF2E547855BCF9283C42 /* Pods */,
				ABF8DDFB6C5C6F8EF6C20C39 /* Frameworks */,
			);
			sourceTree = "<group>";
		};
		DD1E57AF1D4D294B0075424C /* Products */ = {
			isa = PBXGroup;
			children = (
				DD1E57AE1D4D294B0075424C /* TsenterChat.app */,
			);
			name = Products;
			sourceTree = "<group>";
		};
		DD1E57B01D4D294B0075424C /* TsenterChat */ = {
			isa = PBXGroup;
			children = (
				DDC6455E1D4DCC9600E30EA4 /* View */,
				DDC645571D4D70DE00E30EA4 /* Helpers */,
				DDC645521D4D5EEA00E30EA4 /* Model */,
				DD1E57C31D4D2BB30075424C /* Controller */,
				DD1E57B11D4D294B0075424C /* AppDelegate.swift */,
				DD1E57B51D4D294B0075424C /* Main.storyboard */,
				DD1E57B81D4D294B0075424C /* Assets.xcassets */,
				DD1E57BA1D4D294B0075424C /* LaunchScreen.storyboard */,
				DD1E57BD1D4D294B0075424C /* Info.plist */,
				DD1E57C61D4D42B70075424C /* GoogleService-Info.plist */,
			);
			name = TsenterChat;
			path = Chat;
			sourceTree = "<group>";
		};
		DD1E57C31D4D2BB30075424C /* Controller */ = {
			isa = PBXGroup;
			children = (
				DD1E57B31D4D294B0075424C /* MessagesController.swift */,
				DD1E57C41D4D2BF00075424C /* LoginController.swift */,
				DD1E57C81D4D5B470075424C /* NewMessageController.swift */,
				DDC645551D4D62C500E30EA4 /* LoginController+handlers.swift */,
				DDC6455A1D4D7F5D00E30EA4 /* ChatLogController.swift */,
			);
			name = Controller;
			sourceTree = "<group>";
		};
		DDC645521D4D5EEA00E30EA4 /* Model */ = {
			isa = PBXGroup;
			children = (
				DDC645531D4D5EFA00E30EA4 /* User.swift */,
				DDC6455C1D4DC68900E30EA4 /* Message.swift */,
			);
			name = Model;
			sourceTree = "<group>";
		};
		DDC645571D4D70DE00E30EA4 /* Helpers */ = {
			isa = PBXGroup;
			children = (
				DDC645581D4D70EB00E30EA4 /* Extensions.swift */,
			);
			name = Helpers;
			sourceTree = "<group>";
		};
		DDC6455E1D4DCC9600E30EA4 /* View */ = {
			isa = PBXGroup;
			children = (
				DDC6455F1D4DCCAA00E30EA4 /* UserCell.swift */,
				DDC645611D4E59DD00E30EA4 /* ChatMessageCell.swift */,
			);
			name = View;
			sourceTree = "<group>";
		};
/* End PBXGroup section */

/* Begin PBXNativeTarget section */
		DD1E57AD1D4D294B0075424C /* TsenterChat */ = {
			isa = PBXNativeTarget;
			buildConfigurationList = DD1E57C01D4D294B0075424C /* Build configuration list for PBXNativeTarget "TsenterChat" */;
			buildPhases = (
				9E8EEA59A41FA3387FF164C2 /* [CP] Check Pods Manifest.lock */,
				DD1E57AA1D4D294B0075424C /* Sources */,
				DD1E57AB1D4D294B0075424C /* Frameworks */,
				DD1E57AC1D4D294B0075424C /* Resources */,
				F7407C543A005A95BED826BC /* [CP] Embed Pods Frameworks */,
				C1FA87E00BE73A6F2599B7DD /* [CP] Copy Pods Resources */,
			);
			buildRules = (
			);
			dependencies = (
			);
			name = TsenterChat;
			productName = Chat;
			productReference = DD1E57AE1D4D294B0075424C /* TsenterChat.app */;
			productType = "com.apple.product-type.application";
		};
/* End PBXNativeTarget section */

/* Begin PBXProject section */
		DD1E57A61D4D294B0075424C /* Project object */ = {
			isa = PBXProject;
			attributes = {
				LastSwiftUpdateCheck = 0730;
				LastUpgradeCheck = 0730;
				ORGANIZATIONNAME = "Tsenter, David";
				TargetAttributes = {
					DD1E57AD1D4D294B0075424C = {
						CreatedOnToolsVersion = 7.3.1;
						DevelopmentTeam = 256P2VT6GB;
					};
				};
			};
			buildConfigurationList = DD1E57A91D4D294B0075424C /* Build configuration list for PBXProject "TsenterChat" */;
			compatibilityVersion = "Xcode 3.2";
			developmentRegion = English;
			hasScannedForEncodings = 0;
			knownRegions = (
				en,
				Base,
			);
			mainGroup = DD1E57A51D4D294B0075424C;
			productRefGroup = DD1E57AF1D4D294B0075424C /* Products */;
			projectDirPath = "";
			projectRoot = "";
			targets = (
				DD1E57AD1D4D294B0075424C /* TsenterChat */,
			);
		};
/* End PBXProject section */

/* Begin PBXResourcesBuildPhase section */
		DD1E57AC1D4D294B0075424C /* Resources */ = {
			isa = PBXResourcesBuildPhase;
			buildActionMask = 2147483647;
			files = (
				63EEBB921D564CBE00D08805 /* GoogleService-Info.plist in Resources */,
				DD1E57BC1D4D294B0075424C /* LaunchScreen.storyboard in Resources */,
				DD1E57B91D4D294B0075424C /* Assets.xcassets in Resources */,
				DD1E57B71D4D294B0075424C /* Main.storyboard in Resources */,
			);
			runOnlyForDeploymentPostprocessing = 0;
		};
/* End PBXResourcesBuildPhase section */

/* Begin PBXShellScriptBuildPhase section */
		9E8EEA59A41FA3387FF164C2 /* [CP] Check Pods Manifest.lock */ = {
			isa = PBXShellScriptBuildPhase;
			buildActionMask = 2147483647;
			files = (
			);
			inputPaths = (
			);
			name = "[CP] Check Pods Manifest.lock";
			outputPaths = (
			);
			runOnlyForDeploymentPostprocessing = 0;
			shellPath = /bin/sh;
			shellScript = "diff \"${PODS_ROOT}/../Podfile.lock\" \"${PODS_ROOT}/Manifest.lock\" > /dev/null\nif [[ $? != 0 ]] ; then\n    cat << EOM\nerror: The sandbox is not in sync with the Podfile.lock. Run 'pod install' or update your CocoaPods installation.\nEOM\n    exit 1\nfi\n";
			showEnvVarsInLog = 0;
		};
		C1FA87E00BE73A6F2599B7DD /* [CP] Copy Pods Resources */ = {
			isa = PBXShellScriptBuildPhase;
			buildActionMask = 2147483647;
			files = (
			);
			inputPaths = (
			);
			name = "[CP] Copy Pods Resources";
			outputPaths = (
			);
			runOnlyForDeploymentPostprocessing = 0;
			shellPath = /bin/sh;
			shellScript = "\"${SRCROOT}/Pods/Target Support Files/Pods-TsenterChat/Pods-TsenterChat-resources.sh\"\n";
			showEnvVarsInLog = 0;
		};
		F7407C543A005A95BED826BC /* [CP] Embed Pods Frameworks */ = {
			isa = PBXShellScriptBuildPhase;
			buildActionMask = 2147483647;
			files = (
			);
			inputPaths = (
			);
			name = "[CP] Embed Pods Frameworks";
			outputPaths = (
			);
			runOnlyForDeploymentPostprocessing = 0;
			shellPath = /bin/sh;
			shellScript = "\"${SRCROOT}/Pods/Target Support Files/Pods-TsenterChat/Pods-TsenterChat-frameworks.sh\"\n";
			showEnvVarsInLog = 0;
		};
/* End PBXShellScriptBuildPhase section */

/* Begin PBXSourcesBuildPhase section */
		DD1E57AA1D4D294B0075424C /* Sources */ = {
			isa = PBXSourcesBuildPhase;
			buildActionMask = 2147483647;
			files = (
				DDC6455B1D4D7F5D00E30EA4 /* ChatLogController.swift in Sources */,
				DD1E57C91D4D5B470075424C /* NewMessageController.swift in Sources */,
				DD1E57B41D4D294B0075424C /* MessagesController.swift in Sources */,
				DDC6455D1D4DC68900E30EA4 /* Message.swift in Sources */,
				DDC645561D4D62C500E30EA4 /* LoginController+handlers.swift in Sources */,
				DD1E57C51D4D2BF00075424C /* LoginController.swift in Sources */,
				DDC645541D4D5EFA00E30EA4 /* User.swift in Sources */,
				DDC645621D4E59DD00E30EA4 /* ChatMessageCell.swift in Sources */,
				DD1E57B21D4D294B0075424C /* AppDelegate.swift in Sources */,
				DDC645601D4DCCAA00E30EA4 /* UserCell.swift in Sources */,
				DDC645591D4D70EB00E30EA4 /* Extensions.swift in Sources */,
			);
			runOnlyForDeploymentPostprocessing = 0;
		};
/* End PBXSourcesBuildPhase section */

/* Begin PBXVariantGroup section */
		DD1E57B51D4D294B0075424C /* Main.storyboard */ = {
			isa = PBXVariantGroup;
			children = (
				DD1E57B61D4D294B0075424C /* Base */,
			);
			name = Main.storyboard;
			sourceTree = "<group>";
		};
		DD1E57BA1D4D294B0075424C /* LaunchScreen.storyboard */ = {
			isa = PBXVariantGroup;
			children = (
				DD1E57BB1D4D294B0075424C /* Base */,
			);
			name = LaunchScreen.storyboard;
			sourceTree = "<group>";
		};
/* End PBXVariantGroup section */

/* Begin XCBuildConfiguration section */
		DD1E57BE1D4D294B0075424C /* Debug */ = {
			isa = XCBuildConfiguration;
			buildSettings = {
				ALWAYS_SEARCH_USER_PATHS = NO;
				CLANG_ANALYZER_NONNULL = YES;
				CLANG_CXX_LANGUAGE_STANDARD = "gnu++0x";
				CLANG_CXX_LIBRARY = "libc++";
				CLANG_ENABLE_MODULES = YES;
				CLANG_ENABLE_OBJC_ARC = YES;
				CLANG_WARN_BOOL_CONVERSION = YES;
				CLANG_WARN_CONSTANT_CONVERSION = YES;
				CLANG_WARN_DIRECT_OBJC_ISA_USAGE = YES_ERROR;
				CLANG_WARN_EMPTY_BODY = YES;
				CLANG_WARN_ENUM_CONVERSION = YES;
				CLANG_WARN_INT_CONVERSION = YES;
				CLANG_WARN_OBJC_ROOT_CLASS = YES_ERROR;
				CLANG_WARN_UNREACHABLE_CODE = YES;
				CLANG_WARN__DUPLICATE_METHOD_MATCH = YES;
				"CODE_SIGN_IDENTITY[sdk=iphoneos*]" = "iPhone Developer";
				COPY_PHASE_STRIP = NO;
				DEBUG_INFORMATION_FORMAT = dwarf;
				ENABLE_STRICT_OBJC_MSGSEND = YES;
				ENABLE_TESTABILITY = YES;
				GCC_C_LANGUAGE_STANDARD = gnu99;
				GCC_DYNAMIC_NO_PIC = NO;
				GCC_NO_COMMON_BLOCKS = YES;
				GCC_OPTIMIZATION_LEVEL = 0;
				GCC_PREPROCESSOR_DEFINITIONS = (
					"DEBUG=1",
					"$(inherited)",
				);
				GCC_WARN_64_TO_32_BIT_CONVERSION = YES;
				GCC_WARN_ABOUT_RETURN_TYPE = YES_ERROR;
				GCC_WARN_UNDECLARED_SELECTOR = YES;
				GCC_WARN_UNINITIALIZED_AUTOS = YES_AGGRESSIVE;
				GCC_WARN_UNUSED_FUNCTION = YES;
				GCC_WARN_UNUSED_VARIABLE = YES;
				IPHONEOS_DEPLOYMENT_TARGET = 9.0;
				MTL_ENABLE_DEBUG_INFO = YES;
				ONLY_ACTIVE_ARCH = YES;
				SDKROOT = iphoneos;
				SWIFT_OPTIMIZATION_LEVEL = "-Onone";
				TARGETED_DEVICE_FAMILY = "1,2";
			};
			name = Debug;
		};
		DD1E57BF1D4D294B0075424C /* Release */ = {
			isa = XCBuildConfiguration;
			buildSettings = {
				ALWAYS_SEARCH_USER_PATHS = NO;
				CLANG_ANALYZER_NONNULL = YES;
				CLANG_CXX_LANGUAGE_STANDARD = "gnu++0x";
				CLANG_CXX_LIBRARY = "libc++";
				CLANG_ENABLE_MODULES = YES;
				CLANG_ENABLE_OBJC_ARC = YES;
				CLANG_WARN_BOOL_CONVERSION = YES;
				CLANG_WARN_CONSTANT_CONVERSION = YES;
				CLANG_WARN_DIRECT_OBJC_ISA_USAGE = YES_ERROR;
				CLANG_WARN_EMPTY_BODY = YES;
				CLANG_WARN_ENUM_CONVERSION = YES;
				CLANG_WARN_INT_CONVERSION = YES;
				CLANG_WARN_OBJC_ROOT_CLASS = YES_ERROR;
				CLANG_WARN_UNREACHABLE_CODE = YES;
				CLANG_WARN__DUPLICATE_METHOD_MATCH = YES;
				"CODE_SIGN_IDENTITY[sdk=iphoneos*]" = "iPhone Developer";
				COPY_PHASE_STRIP = NO;
				DEBUG_INFORMATION_FORMAT = "dwarf-with-dsym";
				ENABLE_NS_ASSERTIONS = NO;
				ENABLE_STRICT_OBJC_MSGSEND = YES;
				GCC_C_LANGUAGE_STANDARD = gnu99;
				GCC_NO_COMMON_BLOCKS = YES;
				GCC_WARN_64_TO_32_BIT_CONVERSION = YES;
				GCC_WARN_ABOUT_RETURN_TYPE = YES_ERROR;
				GCC_WARN_UNDECLARED_SELECTOR = YES;
				GCC_WARN_UNINITIALIZED_AUTOS = YES_AGGRESSIVE;
				GCC_WARN_UNUSED_FUNCTION = YES;
				GCC_WARN_UNUSED_VARIABLE = YES;
				IPHONEOS_DEPLOYMENT_TARGET = 9.0;
				MTL_ENABLE_DEBUG_INFO = NO;
				SDKROOT = iphoneos;
				TARGETED_DEVICE_FAMILY = "1,2";
				VALIDATE_PRODUCT = YES;
			};
			name = Release;
		};
		DD1E57C11D4D294B0075424C /* Debug */ = {
			isa = XCBuildConfiguration;
			baseConfigurationReference = 3D6912DFED13116938EB86CD /* Pods-TsenterChat.debug.xcconfig */;
			buildSettings = {
				ASSETCATALOG_COMPILER_APPICON_NAME = AppIcon;
				CODE_SIGN_IDENTITY = "iPhone Developer";
				"CODE_SIGN_IDENTITY[sdk=iphoneos*]" = "iPhone Developer";
				INFOPLIST_FILE = Chat/Info.plist;
				LD_RUNPATH_SEARCH_PATHS = "$(inherited) @executable_path/Frameworks";
				PRODUCT_BUNDLE_IDENTIFIER = com.davidtsenter.Chat;
				PRODUCT_NAME = TsenterChat;
				PROVISIONING_PROFILE = "";
			};
			name = Debug;
		};
		DD1E57C21D4D294B0075424C /* Release */ = {
			isa = XCBuildConfiguration;
			baseConfigurationReference = 6283FFB59390369202889BFB /* Pods-TsenterChat.release.xcconfig */;
			buildSettings = {
				ASSETCATALOG_COMPILER_APPICON_NAME = AppIcon;
				CODE_SIGN_IDENTITY = "iPhone Developer";
				"CODE_SIGN_IDENTITY[sdk=iphoneos*]" = "iPhone Developer";
				INFOPLIST_FILE = Chat/Info.plist;
				LD_RUNPATH_SEARCH_PATHS = "$(inherited) @executable_path/Frameworks";
				PRODUCT_BUNDLE_IDENTIFIER = com.davidtsenter.Chat;
				PRODUCT_NAME = TsenterChat;
				PROVISIONING_PROFILE = "";
			};
			name = Release;
		};
/* End XCBuildConfiguration section */

/* Begin XCConfigurationList section */
		DD1E57A91D4D294B0075424C /* Build configuration list for PBXProject "TsenterChat" */ = {
			isa = XCConfigurationList;
			buildConfigurations = (
				DD1E57BE1D4D294B0075424C /* Debug */,
				DD1E57BF1D4D294B0075424C /* Release */,
			);
			defaultConfigurationIsVisible = 0;
			defaultConfigurationName = Release;
		};
		DD1E57C01D4D294B0075424C /* Build configuration list for PBXNativeTarget "TsenterChat" */ = {
			isa = XCConfigurationList;
			buildConfigurations = (
				DD1E57C11D4D294B0075424C /* Debug */,
				DD1E57C21D4D294B0075424C /* Release */,
			);
			defaultConfigurationIsVisible = 0;
			defaultConfigurationName = Release;
		};
/* End XCConfigurationList section */
	};
	rootObject = DD1E57A61D4D294B0075424C /* Project object */;
}
